
Microsoft Visual Studio Solution File, Format Version 12.00
# Visual Studio Version 17
VisualStudioVersion = 17.2.32616.157
MinimumVisualStudioVersion = 10.0.40219.1
Project("{9A19103F-16F7-4668-BE54-9A1E7A4F7556}") = "Books", "Books.csproj", "{0AAFD2CF-9357-42CC-8703-1E5AB9B317CA}"
EndProject
Project("{FAE04EC0-301F-11D3-BF4B-00C04F79EFBC}") = "BooksTests", "..\BooksTests\BooksTests.csproj", "{AE539B73-01B0-4D00-B8D0-B656E87712B9}"
EndProject
Global
	GlobalSection(SolutionConfigurationPlatforms) = preSolution
		Debug|Any CPU = Debug|Any CPU
		Release|Any CPU = Release|Any CPU
	EndGlobalSection
	GlobalSection(ProjectConfigurationPlatforms) = postSolution
		{0AAFD2CF-9357-42CC-8703-1E5AB9B317CA}.Debug|Any CPU.ActiveCfg = Debug|Any CPU
		{0AAFD2CF-9357-42CC-8703-1E5AB9B317CA}.Debug|Any CPU.Build.0 = Debug|Any CPU
		{0AAFD2CF-9357-42CC-8703-1E5AB9B317CA}.Release|Any CPU.ActiveCfg = Release|Any CPU
		{0AAFD2CF-9357-42CC-8703-1E5AB9B317CA}.Release|Any CPU.Build.0 = Release|Any CPU
		{AE539B73-01B0-4D00-B8D0-B656E87712B9}.Debug|Any CPU.ActiveCfg = Debug|Any CPU
		{AE539B73-01B0-4D00-B8D0-B656E87712B9}.Debug|Any CPU.Build.0 = Debug|Any CPU
		{AE539B73-01B0-4D00-B8D0-B656E87712B9}.Release|Any CPU.ActiveCfg = Release|Any CPU
		{AE539B73-01B0-4D00-B8D0-B656E87712B9}.Release|Any CPU.Build.0 = Release|Any CPU
	EndGlobalSection
	GlobalSection(SolutionProperties) = preSolution
		HideSolutionNode = FALSE
	EndGlobalSection
	GlobalSection(ExtensibilityGlobals) = postSolution
		SolutionGuid = {FEC80B85-32B1-475F-ABA6-D2515F123862}
	EndGlobalSection
EndGlobal
